
Microsoft Visual Studio Solution File, Format Version 12.00
# Visual Studio Version 17
VisualStudioVersion = 17.11.35222.181
MinimumVisualStudioVersion = 10.0.40219.1
Project("{9A19103F-16F7-4668-BE54-9A1E7A4F7556}") = "DuutyApp.Server", "DuutyApp.Server\DuutyApp.Server.csproj", "{641380FA-E0BF-404A-9747-A41E82091E09}"
EndProject
Project("{54A90642-561A-4BB1-A94E-469ADEE60C69}") = "duutyapp.client", "duutyapp.client\duutyapp.client.esproj", "{A8AB10E5-A42B-4DA5-AAF2-ADA8E21E55D7}"
EndProject
Project("{FAE04EC0-301F-11D3-BF4B-00C04F79EFBC}") = "DuutyApp.Data", "DuutyApp.Data\DuutyApp.Data.csproj", "{D8A9C928-76BE-4273-A67A-C31BA3B99F5E}"
EndProject
Project("{FAE04EC0-301F-11D3-BF4B-00C04F79EFBC}") = "DuutyApp.Service", "DuutyApp.Service\DuutyApp.Service.csproj", "{A4EB0B35-4F71-442F-886E-2197F6DE76CA}"
EndProject
Project("{FAE04EC0-301F-11D3-BF4B-00C04F79EFBC}") = "DuutyApp.Interfaces", "DuutyApp.Interfaces\DuutyApp.Interfaces.csproj", "{0F334B0D-08CC-4E32-A674-25CB3DE37FB1}"
EndProject
Global
	GlobalSection(SolutionConfigurationPlatforms) = preSolution
		Debug|Any CPU = Debug|Any CPU
		Release|Any CPU = Release|Any CPU
	EndGlobalSection
	GlobalSection(ProjectConfigurationPlatforms) = postSolution
		{641380FA-E0BF-404A-9747-A41E82091E09}.Debug|Any CPU.ActiveCfg = Debug|Any CPU
		{641380FA-E0BF-404A-9747-A41E82091E09}.Debug|Any CPU.Build.0 = Debug|Any CPU
		{641380FA-E0BF-404A-9747-A41E82091E09}.Release|Any CPU.ActiveCfg = Release|Any CPU
		{641380FA-E0BF-404A-9747-A41E82091E09}.Release|Any CPU.Build.0 = Release|Any CPU
		{A8AB10E5-A42B-4DA5-AAF2-ADA8E21E55D7}.Debug|Any CPU.ActiveCfg = Debug|Any CPU
		{A8AB10E5-A42B-4DA5-AAF2-ADA8E21E55D7}.Debug|Any CPU.Build.0 = Debug|Any CPU
		{A8AB10E5-A42B-4DA5-AAF2-ADA8E21E55D7}.Debug|Any CPU.Deploy.0 = Debug|Any CPU
		{A8AB10E5-A42B-4DA5-AAF2-ADA8E21E55D7}.Release|Any CPU.ActiveCfg = Release|Any CPU
		{A8AB10E5-A42B-4DA5-AAF2-ADA8E21E55D7}.Release|Any CPU.Build.0 = Release|Any CPU
		{A8AB10E5-A42B-4DA5-AAF2-ADA8E21E55D7}.Release|Any CPU.Deploy.0 = Release|Any CPU
		{D8A9C928-76BE-4273-A67A-C31BA3B99F5E}.Debug|Any CPU.ActiveCfg = Debug|Any CPU
		{D8A9C928-76BE-4273-A67A-C31BA3B99F5E}.Debug|Any CPU.Build.0 = Debug|Any CPU
		{D8A9C928-76BE-4273-A67A-C31BA3B99F5E}.Release|Any CPU.ActiveCfg = Release|Any CPU
		{D8A9C928-76BE-4273-A67A-C31BA3B99F5E}.Release|Any CPU.Build.0 = Release|Any CPU
		{A4EB0B35-4F71-442F-886E-2197F6DE76CA}.Debug|Any CPU.ActiveCfg = Debug|Any CPU
		{A4EB0B35-4F71-442F-886E-2197F6DE76CA}.Debug|Any CPU.Build.0 = Debug|Any CPU
		{A4EB0B35-4F71-442F-886E-2197F6DE76CA}.Release|Any CPU.ActiveCfg = Release|Any CPU
		{A4EB0B35-4F71-442F-886E-2197F6DE76CA}.Release|Any CPU.Build.0 = Release|Any CPU
		{0F334B0D-08CC-4E32-A674-25CB3DE37FB1}.Debug|Any CPU.ActiveCfg = Debug|Any CPU
		{0F334B0D-08CC-4E32-A674-25CB3DE37FB1}.Debug|Any CPU.Build.0 = Debug|Any CPU
		{0F334B0D-08CC-4E32-A674-25CB3DE37FB1}.Release|Any CPU.ActiveCfg = Release|Any CPU
		{0F334B0D-08CC-4E32-A674-25CB3DE37FB1}.Release|Any CPU.Build.0 = Release|Any CPU
	EndGlobalSection
	GlobalSection(SolutionProperties) = preSolution
		HideSolutionNode = FALSE
	EndGlobalSection
	GlobalSection(ExtensibilityGlobals) = postSolution
		SolutionGuid = {C4E60C2A-46DF-4A03-8DDB-DC440B4BC261}
	EndGlobalSection
EndGlobal
